
Microsoft Visual Studio Solution File, Format Version 12.00
# Visual Studio Version 16
VisualStudioVersion = 16.0.30011.22
MinimumVisualStudioVersion = 10.0.40219.1
Project("{888888A0-9F3D-457C-B088-3A5042F75D52}") = "FeatureExtraction", "FeatureExtraction\FeatureExtraction.pyproj", "{CB1F5C0F-17C2-477E-813F-3BB4D7AC523D}"
EndProject
Global
	GlobalSection(SolutionConfigurationPlatforms) = preSolution
		Debug|Any CPU = Debug|Any CPU
		Release|Any CPU = Release|Any CPU
	EndGlobalSection
	GlobalSection(ProjectConfigurationPlatforms) = postSolution
		{CB1F5C0F-17C2-477E-813F-3BB4D7AC523D}.Debug|Any CPU.ActiveCfg = Debug|Any CPU
		{CB1F5C0F-17C2-477E-813F-3BB4D7AC523D}.Release|Any CPU.ActiveCfg = Release|Any CPU
	EndGlobalSection
	GlobalSection(SolutionProperties) = preSolution
		HideSolutionNode = FALSE
	EndGlobalSection
	GlobalSection(ExtensibilityGlobals) = postSolution
		SolutionGuid = {D992E3F0-6037-49F8-84B6-373D462AA45B}
	EndGlobalSection
EndGlobal
